github.com/aclements/go-z3 v0.0.0-20220809013456-4675d5f90ca5 h1:A27FEXOK2zSHuCwXwmPIKfrHcT+caybRGb1kaW4KOBI=
github.com/aclements/go-z3 v0.0.0-20220809013456-4675d5f90ca5/go.mod h1:Dcqk4DTCIWIVv0jiFnYg5nnTIOWZ3JgU/mYjb5puA1s=
golang.org/x/exp v0.0.0-20241108190413-2d47ceb2692f h1:XdNn9LlyWAhLVp6P/i8QYBW+hlyhrhei9uErw2B5GJo=
golang.org/x/exp v0.0.0-20241108190413-2d47ceb2692f/go.mod h1:D5SMRVC3C2/4+F/DB1wZsLRnSNimn2Sp/NPsCrsv8ak=
